// !$*UTF8*$!
{
	archiveVersion = 1;
	classes = {
	};
	objectVersion = 46;
	objects = {

/* Begin PBXBuildFile section */
		6961D81C1912ACD700A141D5 /* QSPostViewController.m in Sources */ = {isa = PBXBuildFile; fileRef = 6961D81A1912ACD700A141D5 /* QSPostViewController.m */; };
		6961D81D1912ACD700A141D5 /* QSPostViewController.xib in Resources */ = {isa = PBXBuildFile; fileRef = 6961D81B1912ACD700A141D5 /* QSPostViewController.xib */; };
		6961D8211914FF3F00A141D5 /* QSProgressView.m in Sources */ = {isa = PBXBuildFile; fileRef = 6961D8201914FF3F00A141D5 /* QSProgressView.m */; };
		6961D824191509FB00A141D5 /* SWRevealViewController.m in Sources */ = {isa = PBXBuildFile; fileRef = 6961D823191509FB00A141D5 /* SWRevealViewController.m */; };
		6961D82819150A6A00A141D5 /* QSMenuViewController.m in Sources */ = {isa = PBXBuildFile; fileRef = 6961D82619150A6A00A141D5 /* QSMenuViewController.m */; };
		6961D82919150A6A00A141D5 /* QSMenuViewController.xib in Resources */ = {isa = PBXBuildFile; fileRef = 6961D82719150A6A00A141D5 /* QSMenuViewController.xib */; };
		6961D82C19151B7300A141D5 /* QSImageDownloader.m in Sources */ = {isa = PBXBuildFile; fileRef = 6961D82B19151B7300A141D5 /* QSImageDownloader.m */; };
		6961D82E191535EE00A141D5 /* View.xib in Resources */ = {isa = PBXBuildFile; fileRef = 6961D82D191535EE00A141D5 /* View.xib */; };
		6961D8301915593200A141D5 /* MessageUI.framework in Frameworks */ = {isa = PBXBuildFile; fileRef = 6961D82F1915593100A141D5 /* MessageUI.framework */; };
		6961D8341916618600A141D5 /* QSImagePickerController.m in Sources */ = {isa = PBXBuildFile; fileRef = 6961D8321916618600A141D5 /* QSImagePickerController.m */; };
		6961D8351916618600A141D5 /* QSImagePickerController.xib in Resources */ = {isa = PBXBuildFile; fileRef = 6961D8331916618600A141D5 /* QSImagePickerController.xib */; };
		6961D83B1916AA9700A141D5 /* QSProductCommentCell.xib in Resources */ = {isa = PBXBuildFile; fileRef = 6961D8371916AA9700A141D5 /* QSProductCommentCell.xib */; };
		6961D83C1916AA9700A141D5 /* QSProductViewController.m in Sources */ = {isa = PBXBuildFile; fileRef = 6961D8391916AA9700A141D5 /* QSProductViewController.m */; };
		6961D83D1916AA9700A141D5 /* QSProductViewController.xib in Resources */ = {isa = PBXBuildFile; fileRef = 6961D83A1916AA9700A141D5 /* QSProductViewController.xib */; };
		C934E27D14C4B52B00B4F792 /* AVFoundation.framework in Frameworks */ = {isa = PBXBuildFile; fileRef = C934E27B14C4B52B00B4F792 /* AVFoundation.framework */; };
		C934E27E14C4B52B00B4F792 /* CoreAudio.framework in Frameworks */ = {isa = PBXBuildFile; fileRef = C934E27C14C4B52B00B4F792 /* CoreAudio.framework */; };
		C94244A817CC6DA7007F2EF9 /* MapKit.framework in Frameworks */ = {isa = PBXBuildFile; fileRef = C94244A717CC6DA7007F2EF9 /* MapKit.framework */; };
		C9477C111585443600431FC8 /* Country.plist in Resources */ = {isa = PBXBuildFile; fileRef = C9477C101585443600431FC8 /* Country.plist */; };
		C956947817936E66002833D8 /* Security.framework in Frameworks */ = {isa = PBXBuildFile; fileRef = C956947717936E66002833D8 /* Security.framework */; };
		C956947A17936E7B002833D8 /* AdSupport.framework in Frameworks */ = {isa = PBXBuildFile; fileRef = C956947917936E7B002833D8 /* AdSupport.framework */; };
		C956947C17936E8E002833D8 /* libsqlite3.dylib in Frameworks */ = {isa = PBXBuildFile; fileRef = C956947B17936E8E002833D8 /* libsqlite3.dylib */; };
		C97194BD14CB4DF600621A52 /* AddressBook.framework in Frameworks */ = {isa = PBXBuildFile; fileRef = C97194B314CB4D6500621A52 /* AddressBook.framework */; };
		C99D9A9116D8918100F78D31 /* Social.framework in Frameworks */ = {isa = PBXBuildFile; fileRef = C99D9A9016D8918100F78D31 /* Social.framework */; settings = {ATTRIBUTES = (Required, ); }; };
		C9A8EE8B15394359003E5EC3 /* MobileCoreServices.framework in Frameworks */ = {isa = PBXBuildFile; fileRef = C9A8EE8A15394359003E5EC3 /* MobileCoreServices.framework */; };
		C9BB145014BA724F009D3499 /* UIKit.framework in Frameworks */ = {isa = PBXBuildFile; fileRef = C9BB144F14BA724F009D3499 /* UIKit.framework */; };
		C9BB145214BA724F009D3499 /* Foundation.framework in Frameworks */ = {isa = PBXBuildFile; fileRef = C9BB145114BA724F009D3499 /* Foundation.framework */; };
		C9BB145414BA724F009D3499 /* CoreGraphics.framework in Frameworks */ = {isa = PBXBuildFile; fileRef = C9BB145314BA724F009D3499 /* CoreGraphics.framework */; };
		C9BB145A14BA724F009D3499 /* InfoPlist.strings in Resources */ = {isa = PBXBuildFile; fileRef = C9BB145814BA724F009D3499 /* InfoPlist.strings */; };
		C9BB145C14BA724F009D3499 /* main.m in Sources */ = {isa = PBXBuildFile; fileRef = C9BB145B14BA724F009D3499 /* main.m */; };
		C9BB14A314BAB3B4009D3499 /* QuartzCore.framework in Frameworks */ = {isa = PBXBuildFile; fileRef = C9BB14A214BAB3B4009D3499 /* QuartzCore.framework */; };
		C9BEBA6C15491DF300783DF7 /* AudioToolbox.framework in Frameworks */ = {isa = PBXBuildFile; fileRef = C9BEBA6B15491DF300783DF7 /* AudioToolbox.framework */; };
		C9C0EDA417B20A30001A2967 /* CoreLocation.framework in Frameworks */ = {isa = PBXBuildFile; fileRef = C9C0EDA317B20A30001A2967 /* CoreLocation.framework */; };
		C9DC1BCC16E713480080E0CA /* Accounts.framework in Frameworks */ = {isa = PBXBuildFile; fileRef = C9DC1BCB16E713480080E0CA /* Accounts.framework */; };
		D529CC08183C95910063B4D8 /* FacebookSDK.framework in Frameworks */ = {isa = PBXBuildFile; fileRef = D529CC07183C95910063B4D8 /* FacebookSDK.framework */; };
		E300404B190ECC58007BAC0E /* Media.xcassets in Resources */ = {isa = PBXBuildFile; fileRef = E300404A190ECC58007BAC0E /* Media.xcassets */; };
		E326D4A018D3632E00CBA869 /* QSAppDelegate.m in Sources */ = {isa = PBXBuildFile; fileRef = E326D45A18D3632E00CBA869 /* QSAppDelegate.m */; };
		E326D4A118D3632E00CBA869 /* QSHttpClient.m in Sources */ = {isa = PBXBuildFile; fileRef = E326D45E18D3632E00CBA869 /* QSHttpClient.m */; };
		E326D4A218D3632E00CBA869 /* QSUtil.m in Sources */ = {isa = PBXBuildFile; fileRef = E326D46118D3632E00CBA869 /* QSUtil.m */; };
		E335A4F819100AF80057DF60 /* QSListingsViewController.m in Sources */ = {isa = PBXBuildFile; fileRef = E335A4B619100AF80057DF60 /* QSListingsViewController.m */; };
		E335A4F919100AF80057DF60 /* QSListingsViewController.xib in Resources */ = {isa = PBXBuildFile; fileRef = E335A4B719100AF80057DF60 /* QSListingsViewController.xib */; };
		E335A51A19100AF80057DF60 /* QSLoginController.m in Sources */ = {isa = PBXBuildFile; fileRef = E335A4EC19100AF80057DF60 /* QSLoginController.m */; };
		E335A51B19100AF80057DF60 /* QSLoginViewController.m in Sources */ = {isa = PBXBuildFile; fileRef = E335A4EE19100AF80057DF60 /* QSLoginViewController.m */; };
		E335A51C19100AF80057DF60 /* QSLoginViewController.xib in Resources */ = {isa = PBXBuildFile; fileRef = E335A4EF19100AF80057DF60 /* QSLoginViewController.xib */; };
		E335A51D19100AF80057DF60 /* QSRegisterViewController.m in Sources */ = {isa = PBXBuildFile; fileRef = E335A4F119100AF80057DF60 /* QSRegisterViewController.m */; };
		E335A51E19100AF80057DF60 /* QSRegisterViewController.xib in Resources */ = {isa = PBXBuildFile; fileRef = E335A4F219100AF80057DF60 /* QSRegisterViewController.xib */; };
		E335A51F19100AF80057DF60 /* QSRegistrationTableViewCell.m in Sources */ = {isa = PBXBuildFile; fileRef = E335A4F419100AF80057DF60 /* QSRegistrationTableViewCell.m */; };
		E335A52019100AF80057DF60 /* QSRootViewController.m in Sources */ = {isa = PBXBuildFile; fileRef = E335A4F619100AF80057DF60 /* QSRootViewController.m */; };
		E335A52119100AF80057DF60 /* QSRootViewController.xib in Resources */ = {isa = PBXBuildFile; fileRef = E335A4F719100AF80057DF60 /* QSRootViewController.xib */; };
		E335A52419100E050057DF60 /* QSListingTableViewCell.m in Sources */ = {isa = PBXBuildFile; fileRef = E335A52319100E050057DF60 /* QSListingTableViewCell.m */; };
		E335A9A2191013A10057DF60 /* iCarousel.m in Sources */ = {isa = PBXBuildFile; fileRef = E335A804191013A00057DF60 /* iCarousel.m */; };
		E3AD314E18D603BD0023C497 /* QSDataStore.m in Sources */ = {isa = PBXBuildFile; fileRef = E3AD314D18D603BD0023C497 /* QSDataStore.m */; };
		E3F9DF8F18DF39F400FDD8D9 /* QSUserSession.m in Sources */ = {isa = PBXBuildFile; fileRef = E3F9DF8E18DF39F400FDD8D9 /* QSUserSession.m */; };
/* End PBXBuildFile section */

/* Begin PBXFileReference section */
		6961D8191912ACD700A141D5 /* QSPostViewController.h */ = {isa = PBXFileReference; fileEncoding = 4; lastKnownFileType = sourcecode.c.h; path = QSPostViewController.h; sourceTree = "<group>"; };
		6961D81A1912ACD700A141D5 /* QSPostViewController.m */ = {isa = PBXFileReference; fileEncoding = 4; lastKnownFileType = sourcecode.c.objc; path = QSPostViewController.m; sourceTree = "<group>"; };
		6961D81B1912ACD700A141D5 /* QSPostViewController.xib */ = {isa = PBXFileReference; fileEncoding = 4; lastKnownFileType = file.xib; path = QSPostViewController.xib; sourceTree = "<group>"; };
		6961D81F1914FF3F00A141D5 /* QSProgressView.h */ = {isa = PBXFileReference; fileEncoding = 4; lastKnownFileType = sourcecode.c.h; path = QSProgressView.h; sourceTree = "<group>"; };
		6961D8201914FF3F00A141D5 /* QSProgressView.m */ = {isa = PBXFileReference; fileEncoding = 4; lastKnownFileType = sourcecode.c.objc; path = QSProgressView.m; sourceTree = "<group>"; };
		6961D822191509FB00A141D5 /* SWRevealViewController.h */ = {isa = PBXFileReference; fileEncoding = 4; lastKnownFileType = sourcecode.c.h; path = SWRevealViewController.h; sourceTree = "<group>"; };
		6961D823191509FB00A141D5 /* SWRevealViewController.m */ = {isa = PBXFileReference; fileEncoding = 4; lastKnownFileType = sourcecode.c.objc; path = SWRevealViewController.m; sourceTree = "<group>"; };
		6961D82519150A6A00A141D5 /* QSMenuViewController.h */ = {isa = PBXFileReference; fileEncoding = 4; lastKnownFileType = sourcecode.c.h; path = QSMenuViewController.h; sourceTree = "<group>"; };
		6961D82619150A6A00A141D5 /* QSMenuViewController.m */ = {isa = PBXFileReference; fileEncoding = 4; lastKnownFileType = sourcecode.c.objc; path = QSMenuViewController.m; sourceTree = "<group>"; };
		6961D82719150A6A00A141D5 /* QSMenuViewController.xib */ = {isa = PBXFileReference; fileEncoding = 4; lastKnownFileType = file.xib; path = QSMenuViewController.xib; sourceTree = "<group>"; };
		6961D82A19151B7300A141D5 /* QSImageDownloader.h */ = {isa = PBXFileReference; fileEncoding = 4; lastKnownFileType = sourcecode.c.h; path = QSImageDownloader.h; sourceTree = "<group>"; };
		6961D82B19151B7300A141D5 /* QSImageDownloader.m */ = {isa = PBXFileReference; fileEncoding = 4; lastKnownFileType = sourcecode.c.objc; path = QSImageDownloader.m; sourceTree = "<group>"; };
		6961D82D191535EE00A141D5 /* View.xib */ = {isa = PBXFileReference; fileEncoding = 4; lastKnownFileType = file.xib; path = View.xib; sourceTree = "<group>"; };
		6961D82F1915593100A141D5 /* MessageUI.framework */ = {isa = PBXFileReference; lastKnownFileType = wrapper.framework; name = MessageUI.framework; path = System/Library/Frameworks/MessageUI.framework; sourceTree = SDKROOT; };
		6961D8311916618600A141D5 /* QSImagePickerController.h */ = {isa = PBXFileReference; fileEncoding = 4; lastKnownFileType = sourcecode.c.h; path = QSImagePickerController.h; sourceTree = "<group>"; };
		6961D8321916618600A141D5 /* QSImagePickerController.m */ = {isa = PBXFileReference; fileEncoding = 4; lastKnownFileType = sourcecode.c.objc; path = QSImagePickerController.m; sourceTree = "<group>"; };
		6961D8331916618600A141D5 /* QSImagePickerController.xib */ = {isa = PBXFileReference; fileEncoding = 4; lastKnownFileType = file.xib; path = QSImagePickerController.xib; sourceTree = "<group>"; };
		6961D8371916AA9700A141D5 /* QSProductCommentCell.xib */ = {isa = PBXFileReference; fileEncoding = 4; lastKnownFileType = file.xib; path = QSProductCommentCell.xib; sourceTree = "<group>"; };
		6961D8381916AA9700A141D5 /* QSProductViewController.h */ = {isa = PBXFileReference; fileEncoding = 4; lastKnownFileType = sourcecode.c.h; path = QSProductViewController.h; sourceTree = "<group>"; };
		6961D8391916AA9700A141D5 /* QSProductViewController.m */ = {isa = PBXFileReference; fileEncoding = 4; lastKnownFileType = sourcecode.c.objc; path = QSProductViewController.m; sourceTree = "<group>"; };
		6961D83A1916AA9700A141D5 /* QSProductViewController.xib */ = {isa = PBXFileReference; fileEncoding = 4; lastKnownFileType = file.xib; path = QSProductViewController.xib; sourceTree = "<group>"; };
		C934E27B14C4B52B00B4F792 /* AVFoundation.framework */ = {isa = PBXFileReference; lastKnownFileType = wrapper.framework; name = AVFoundation.framework; path = System/Library/Frameworks/AVFoundation.framework; sourceTree = SDKROOT; };
		C934E27C14C4B52B00B4F792 /* CoreAudio.framework */ = {isa = PBXFileReference; lastKnownFileType = wrapper.framework; name = CoreAudio.framework; path = System/Library/Frameworks/CoreAudio.framework; sourceTree = SDKROOT; };
		C94244A717CC6DA7007F2EF9 /* MapKit.framework */ = {isa = PBXFileReference; lastKnownFileType = wrapper.framework; name = MapKit.framework; path = System/Library/Frameworks/MapKit.framework; sourceTree = SDKROOT; };
		C9477C101585443600431FC8 /* Country.plist */ = {isa = PBXFileReference; fileEncoding = 4; lastKnownFileType = text.plist.xml; path = Country.plist; sourceTree = "<group>"; };
		C956947717936E66002833D8 /* Security.framework */ = {isa = PBXFileReference; lastKnownFileType = wrapper.framework; name = Security.framework; path = System/Library/Frameworks/Security.framework; sourceTree = SDKROOT; };
		C956947917936E7B002833D8 /* AdSupport.framework */ = {isa = PBXFileReference; lastKnownFileType = wrapper.framework; name = AdSupport.framework; path = System/Library/Frameworks/AdSupport.framework; sourceTree = SDKROOT; };
		C956947B17936E8E002833D8 /* libsqlite3.dylib */ = {isa = PBXFileReference; lastKnownFileType = "compiled.mach-o.dylib"; name = libsqlite3.dylib; path = usr/lib/libsqlite3.dylib; sourceTree = SDKROOT; };
		C97194B314CB4D6500621A52 /* AddressBook.framework */ = {isa = PBXFileReference; lastKnownFileType = wrapper.framework; name = AddressBook.framework; path = System/Library/Frameworks/AddressBook.framework; sourceTree = SDKROOT; };
		C99D9A9016D8918100F78D31 /* Social.framework */ = {isa = PBXFileReference; lastKnownFileType = wrapper.framework; name = Social.framework; path = System/Library/Frameworks/Social.framework; sourceTree = SDKROOT; };
		C9A8EE8A15394359003E5EC3 /* MobileCoreServices.framework */ = {isa = PBXFileReference; lastKnownFileType = wrapper.framework; name = MobileCoreServices.framework; path = System/Library/Frameworks/MobileCoreServices.framework; sourceTree = SDKROOT; };
		C9BB144B14BA724F009D3499 /* Cubesales.app */ = {isa = PBXFileReference; explicitFileType = wrapper.application; includeInIndex = 0; path = Cubesales.app; sourceTree = BUILT_PRODUCTS_DIR; };
		C9BB144F14BA724F009D3499 /* UIKit.framework */ = {isa = PBXFileReference; lastKnownFileType = wrapper.framework; name = UIKit.framework; path = System/Library/Frameworks/UIKit.framework; sourceTree = SDKROOT; };
		C9BB145114BA724F009D3499 /* Foundation.framework */ = {isa = PBXFileReference; lastKnownFileType = wrapper.framework; name = Foundation.framework; path = System/Library/Frameworks/Foundation.framework; sourceTree = SDKROOT; };
		C9BB145314BA724F009D3499 /* CoreGraphics.framework */ = {isa = PBXFileReference; lastKnownFileType = wrapper.framework; name = CoreGraphics.framework; path = System/Library/Frameworks/CoreGraphics.framework; sourceTree = SDKROOT; };
		C9BB145714BA724F009D3499 /* CubeSale-Info.plist */ = {isa = PBXFileReference; lastKnownFileType = text.plist.xml; path = "CubeSale-Info.plist"; sourceTree = "<group>"; };
		C9BB145914BA724F009D3499 /* en */ = {isa = PBXFileReference; lastKnownFileType = text.plist.strings; name = en; path = en.lproj/InfoPlist.strings; sourceTree = "<group>"; };
		C9BB145B14BA724F009D3499 /* main.m */ = {isa = PBXFileReference; lastKnownFileType = sourcecode.c.objc; path = main.m; sourceTree = "<group>"; };
		C9BB145D14BA724F009D3499 /* CubeSale-Prefix.pch */ = {isa = PBXFileReference; lastKnownFileType = sourcecode.c.h; path = "CubeSale-Prefix.pch"; sourceTree = "<group>"; };
		C9BB14A214BAB3B4009D3499 /* QuartzCore.framework */ = {isa = PBXFileReference; lastKnownFileType = wrapper.framework; name = QuartzCore.framework; path = System/Library/Frameworks/QuartzCore.framework; sourceTree = SDKROOT; };
		C9BEBA6B15491DF300783DF7 /* AudioToolbox.framework */ = {isa = PBXFileReference; lastKnownFileType = wrapper.framework; name = AudioToolbox.framework; path = System/Library/Frameworks/AudioToolbox.framework; sourceTree = SDKROOT; };
		C9C0EDA317B20A30001A2967 /* CoreLocation.framework */ = {isa = PBXFileReference; lastKnownFileType = wrapper.framework; name = CoreLocation.framework; path = System/Library/Frameworks/CoreLocation.framework; sourceTree = SDKROOT; };
		C9DC1BCB16E713480080E0CA /* Accounts.framework */ = {isa = PBXFileReference; lastKnownFileType = wrapper.framework; name = Accounts.framework; path = System/Library/Frameworks/Accounts.framework; sourceTree = SDKROOT; };
		D529CBBF183C925D0063B4D8 /* libOAuthKit.a */ = {isa = PBXFileReference; lastKnownFileType = archive.ar; name = libOAuthKit.a; path = ../OAuthKit/libOAuthKit.a; sourceTree = "<group>"; };
		D529CC07183C95910063B4D8 /* FacebookSDK.framework */ = {isa = PBXFileReference; lastKnownFileType = wrapper.framework; name = FacebookSDK.framework; path = ../../../../../Documents/FacebookSDK/FacebookSDK.framework; sourceTree = "<group>"; };
		E300404A190ECC58007BAC0E /* Media.xcassets */ = {isa = PBXFileReference; lastKnownFileType = folder.assetcatalog; name = Media.xcassets; path = Assets/Media.xcassets; sourceTree = "<group>"; };
		E326D45918D3632E00CBA869 /* QSAppDelegate.h */ = {isa = PBXFileReference; fileEncoding = 4; lastKnownFileType = sourcecode.c.h; path = QSAppDelegate.h; sourceTree = "<group>"; };
		E326D45A18D3632E00CBA869 /* QSAppDelegate.m */ = {isa = PBXFileReference; fileEncoding = 4; lastKnownFileType = sourcecode.c.objc; path = QSAppDelegate.m; sourceTree = "<group>"; };
		E326D45D18D3632E00CBA869 /* QSHttpClient.h */ = {isa = PBXFileReference; fileEncoding = 4; lastKnownFileType = sourcecode.c.h; path = QSHttpClient.h; sourceTree = "<group>"; };
		E326D45E18D3632E00CBA869 /* QSHttpClient.m */ = {isa = PBXFileReference; fileEncoding = 4; lastKnownFileType = sourcecode.c.objc; path = QSHttpClient.m; sourceTree = "<group>"; };
		E326D46018D3632E00CBA869 /* QSUtil.h */ = {isa = PBXFileReference; fileEncoding = 4; lastKnownFileType = sourcecode.c.h; path = QSUtil.h; sourceTree = "<group>"; };
		E326D46118D3632E00CBA869 /* QSUtil.m */ = {isa = PBXFileReference; fileEncoding = 4; lastKnownFileType = sourcecode.c.objc; path = QSUtil.m; sourceTree = "<group>"; };
		E335A4B519100AF80057DF60 /* QSListingsViewController.h */ = {isa = PBXFileReference; fileEncoding = 4; lastKnownFileType = sourcecode.c.h; path = QSListingsViewController.h; sourceTree = "<group>"; };
		E335A4B619100AF80057DF60 /* QSListingsViewController.m */ = {isa = PBXFileReference; fileEncoding = 4; lastKnownFileType = sourcecode.c.objc; path = QSListingsViewController.m; sourceTree = "<group>"; };
		E335A4B719100AF80057DF60 /* QSListingsViewController.xib */ = {isa = PBXFileReference; fileEncoding = 4; lastKnownFileType = file.xib; path = QSListingsViewController.xib; sourceTree = "<group>"; };
		E335A4EB19100AF80057DF60 /* QSLoginController.h */ = {isa = PBXFileReference; fileEncoding = 4; lastKnownFileType = sourcecode.c.h; path = QSLoginController.h; sourceTree = "<group>"; };
		E335A4EC19100AF80057DF60 /* QSLoginController.m */ = {isa = PBXFileReference; fileEncoding = 4; lastKnownFileType = sourcecode.c.objc; path = QSLoginController.m; sourceTree = "<group>"; };
		E335A4ED19100AF80057DF60 /* QSLoginViewController.h */ = {isa = PBXFileReference; fileEncoding = 4; lastKnownFileType = sourcecode.c.h; path = QSLoginViewController.h; sourceTree = "<group>"; };
		E335A4EE19100AF80057DF60 /* QSLoginViewController.m */ = {isa = PBXFileReference; fileEncoding = 4; lastKnownFileType = sourcecode.c.objc; path = QSLoginViewController.m; sourceTree = "<group>"; };
		E335A4EF19100AF80057DF60 /* QSLoginViewController.xib */ = {isa = PBXFileReference; fileEncoding = 4; lastKnownFileType = file.xib; path = QSLoginViewController.xib; sourceTree = "<group>"; };
		E335A4F019100AF80057DF60 /* QSRegisterViewController.h */ = {isa = PBXFileReference; fileEncoding = 4; lastKnownFileType = sourcecode.c.h; path = QSRegisterViewController.h; sourceTree = "<group>"; };
		E335A4F119100AF80057DF60 /* QSRegisterViewController.m */ = {isa = PBXFileReference; fileEncoding = 4; lastKnownFileType = sourcecode.c.objc; path = QSRegisterViewController.m; sourceTree = "<group>"; };
		E335A4F219100AF80057DF60 /* QSRegisterViewController.xib */ = {isa = PBXFileReference; fileEncoding = 4; lastKnownFileType = file.xib; path = QSRegisterViewController.xib; sourceTree = "<group>"; };
		E335A4F319100AF80057DF60 /* QSRegistrationTableViewCell.h */ = {isa = PBXFileReference; fileEncoding = 4; lastKnownFileType = sourcecode.c.h; path = QSRegistrationTableViewCell.h; sourceTree = "<group>"; };
		E335A4F419100AF80057DF60 /* QSRegistrationTableViewCell.m */ = {isa = PBXFileReference; fileEncoding = 4; lastKnownFileType = sourcecode.c.objc; path = QSRegistrationTableViewCell.m; sourceTree = "<group>"; };
		E335A4F519100AF80057DF60 /* QSRootViewController.h */ = {isa = PBXFileReference; fileEncoding = 4; lastKnownFileType = sourcecode.c.h; path = QSRootViewController.h; sourceTree = "<group>"; };
		E335A4F619100AF80057DF60 /* QSRootViewController.m */ = {isa = PBXFileReference; fileEncoding = 4; lastKnownFileType = sourcecode.c.objc; path = QSRootViewController.m; sourceTree = "<group>"; };
		E335A4F719100AF80057DF60 /* QSRootViewController.xib */ = {isa = PBXFileReference; fileEncoding = 4; lastKnownFileType = file.xib; path = QSRootViewController.xib; sourceTree = "<group>"; };
		E335A52219100E050057DF60 /* QSListingTableViewCell.h */ = {isa = PBXFileReference; fileEncoding = 4; lastKnownFileType = sourcecode.c.h; path = QSListingTableViewCell.h; sourceTree = "<group>"; };
		E335A52319100E050057DF60 /* QSListingTableViewCell.m */ = {isa = PBXFileReference; fileEncoding = 4; lastKnownFileType = sourcecode.c.objc; path = QSListingTableViewCell.m; sourceTree = "<group>"; };
		E335A803191013A00057DF60 /* iCarousel.h */ = {isa = PBXFileReference; fileEncoding = 4; lastKnownFileType = sourcecode.c.h; path = iCarousel.h; sourceTree = "<group>"; };
		E335A804191013A00057DF60 /* iCarousel.m */ = {isa = PBXFileReference; fileEncoding = 4; lastKnownFileType = sourcecode.c.objc; path = iCarousel.m; sourceTree = "<group>"; };
		E389260B18D6F99B00BDB6A4 /* QSApiConstants.h */ = {isa = PBXFileReference; lastKnownFileType = sourcecode.c.h; path = QSApiConstants.h; sourceTree = "<group>"; };
		E3AD314C18D603BD0023C497 /* QSDataStore.h */ = {isa = PBXFileReference; fileEncoding = 4; lastKnownFileType = sourcecode.c.h; path = QSDataStore.h; sourceTree = "<group>"; };
		E3AD314D18D603BD0023C497 /* QSDataStore.m */ = {isa = PBXFileReference; fileEncoding = 4; lastKnownFileType = sourcecode.c.objc; path = QSDataStore.m; sourceTree = "<group>"; };
		E3F9DF8C18DF301F00FDD8D9 /* QSUserSessionConstants.h */ = {isa = PBXFileReference; lastKnownFileType = sourcecode.c.h; path = QSUserSessionConstants.h; sourceTree = "<group>"; };
		E3F9DF8D18DF39F400FDD8D9 /* QSUserSession.h */ = {isa = PBXFileReference; fileEncoding = 4; lastKnownFileType = sourcecode.c.h; path = QSUserSession.h; sourceTree = "<group>"; };
		E3F9DF8E18DF39F400FDD8D9 /* QSUserSession.m */ = {isa = PBXFileReference; fileEncoding = 4; lastKnownFileType = sourcecode.c.objc; path = QSUserSession.m; sourceTree = "<group>"; };
/* End PBXFileReference section */

/* Begin PBXFrameworksBuildPhase section */
		C9BB144814BA724F009D3499 /* Frameworks */ = {
			isa = PBXFrameworksBuildPhase;
			buildActionMask = 2147483647;
			files = (
				6961D8301915593200A141D5 /* MessageUI.framework in Frameworks */,
				C94244A817CC6DA7007F2EF9 /* MapKit.framework in Frameworks */,
				C9C0EDA417B20A30001A2967 /* CoreLocation.framework in Frameworks */,
				C9BB145014BA724F009D3499 /* UIKit.framework in Frameworks */,
				C9BB145214BA724F009D3499 /* Foundation.framework in Frameworks */,
				C9BB145414BA724F009D3499 /* CoreGraphics.framework in Frameworks */,
				C9BB14A314BAB3B4009D3499 /* QuartzCore.framework in Frameworks */,
				C934E27E14C4B52B00B4F792 /* CoreAudio.framework in Frameworks */,
				C934E27D14C4B52B00B4F792 /* AVFoundation.framework in Frameworks */,
				D529CC08183C95910063B4D8 /* FacebookSDK.framework in Frameworks */,
				C9BEBA6C15491DF300783DF7 /* AudioToolbox.framework in Frameworks */,
				C9A8EE8B15394359003E5EC3 /* MobileCoreServices.framework in Frameworks */,
				C9DC1BCC16E713480080E0CA /* Accounts.framework in Frameworks */,
				C97194BD14CB4DF600621A52 /* AddressBook.framework in Frameworks */,
				C99D9A9116D8918100F78D31 /* Social.framework in Frameworks */,
				C956947817936E66002833D8 /* Security.framework in Frameworks */,
				C956947A17936E7B002833D8 /* AdSupport.framework in Frameworks */,
				C956947C17936E8E002833D8 /* libsqlite3.dylib in Frameworks */,
			);
			runOnlyForDeploymentPostprocessing = 0;
		};
/* End PBXFrameworksBuildPhase section */

/* Begin PBXGroup section */
		6961D8181912ACD700A141D5 /* Post */ = {
			isa = PBXGroup;
			children = (
				6961D8191912ACD700A141D5 /* QSPostViewController.h */,
				6961D81A1912ACD700A141D5 /* QSPostViewController.m */,
				6961D81B1912ACD700A141D5 /* QSPostViewController.xib */,
				6961D8311916618600A141D5 /* QSImagePickerController.h */,
				6961D8321916618600A141D5 /* QSImagePickerController.m */,
				6961D8331916618600A141D5 /* QSImagePickerController.xib */,
			);
			path = Post;
			sourceTree = "<group>";
		};
		6961D8361916AA9700A141D5 /* Buy */ = {
			isa = PBXGroup;
			children = (
				6961D8381916AA9700A141D5 /* QSProductViewController.h */,
				6961D8391916AA9700A141D5 /* QSProductViewController.m */,
				6961D83A1916AA9700A141D5 /* QSProductViewController.xib */,
				6961D8371916AA9700A141D5 /* QSProductCommentCell.xib */,
			);
			path = Buy;
			sourceTree = "<group>";
		};
		C9BB144014BA724F009D3499 = {
			isa = PBXGroup;
			children = (
				C9BB145514BA724F009D3499 /* CubeSale */,
				C9BB144E14BA724F009D3499 /* Frameworks */,
				C9BB144C14BA724F009D3499 /* Products */,
			);
			sourceTree = "<group>";
		};
		C9BB144C14BA724F009D3499 /* Products */ = {
			isa = PBXGroup;
			children = (
				C9BB144B14BA724F009D3499 /* Cubesales.app */,
			);
			name = Products;
			sourceTree = "<group>";
		};
		C9BB144E14BA724F009D3499 /* Frameworks */ = {
			isa = PBXGroup;
			children = (
				6961D82F1915593100A141D5 /* MessageUI.framework */,
				D529CC07183C95910063B4D8 /* FacebookSDK.framework */,
				D529CBBF183C925D0063B4D8 /* libOAuthKit.a */,
				C94244A717CC6DA7007F2EF9 /* MapKit.framework */,
				C9C0EDA317B20A30001A2967 /* CoreLocation.framework */,
				C956947B17936E8E002833D8 /* libsqlite3.dylib */,
				C956947917936E7B002833D8 /* AdSupport.framework */,
				C956947717936E66002833D8 /* Security.framework */,
				C9DC1BCB16E713480080E0CA /* Accounts.framework */,
				C99D9A9016D8918100F78D31 /* Social.framework */,
				C9BEBA6B15491DF300783DF7 /* AudioToolbox.framework */,
				C9A8EE8A15394359003E5EC3 /* MobileCoreServices.framework */,
				C97194B314CB4D6500621A52 /* AddressBook.framework */,
				C934E27B14C4B52B00B4F792 /* AVFoundation.framework */,
				C934E27C14C4B52B00B4F792 /* CoreAudio.framework */,
				C9BB14A214BAB3B4009D3499 /* QuartzCore.framework */,
				C9BB144F14BA724F009D3499 /* UIKit.framework */,
				C9BB145114BA724F009D3499 /* Foundation.framework */,
				C9BB145314BA724F009D3499 /* CoreGraphics.framework */,
			);
			name = Frameworks;
			sourceTree = "<group>";
		};
		C9BB145514BA724F009D3499 /* CubeSale */ = {
			isa = PBXGroup;
			children = (
				E335A5251910139D0057DF60 /* iCarousel */,
				E326D45718D3632E00CBA869 /* Classes */,
				E300404A190ECC58007BAC0E /* Media.xcassets */,
				C9BB145614BA724F009D3499 /* Supporting Files */,
				C9477C101585443600431FC8 /* Country.plist */,
			);
			path = CubeSale;
			sourceTree = "<group>";
		};
		C9BB145614BA724F009D3499 /* Supporting Files */ = {
			isa = PBXGroup;
			children = (
				C9BB145714BA724F009D3499 /* CubeSale-Info.plist */,
				C9BB145814BA724F009D3499 /* InfoPlist.strings */,
				C9BB145B14BA724F009D3499 /* main.m */,
				C9BB145D14BA724F009D3499 /* CubeSale-Prefix.pch */,
			);
			name = "Supporting Files";
			sourceTree = "<group>";
		};
		E326D45718D3632E00CBA869 /* Classes */ = {
			isa = PBXGroup;
			children = (
				E326D45818D3632E00CBA869 /* AppDelegate */,
				E326D46218D3632E00CBA869 /* ViewControllers */,
				E326D45B18D3632E00CBA869 /* CustomComponents */,
				E326D45C18D3632E00CBA869 /* Network */,
				E326D45F18D3632E00CBA869 /* Utilities */,
			);
			path = Classes;
			sourceTree = "<group>";
		};
		E326D45818D3632E00CBA869 /* AppDelegate */ = {
			isa = PBXGroup;
			children = (
				E326D45918D3632E00CBA869 /* QSAppDelegate.h */,
				E326D45A18D3632E00CBA869 /* QSAppDelegate.m */,
			);
			path = AppDelegate;
			sourceTree = "<group>";
		};
		E326D45B18D3632E00CBA869 /* CustomComponents */ = {
			isa = PBXGroup;
			children = (
				6961D81F1914FF3F00A141D5 /* QSProgressView.h */,
				6961D8201914FF3F00A141D5 /* QSProgressView.m */,
			);
			path = CustomComponents;
			sourceTree = "<group>";
		};
		E326D45C18D3632E00CBA869 /* Network */ = {
			isa = PBXGroup;
			children = (
				E389260B18D6F99B00BDB6A4 /* QSApiConstants.h */,
				E326D45D18D3632E00CBA869 /* QSHttpClient.h */,
				E326D45E18D3632E00CBA869 /* QSHttpClient.m */,
				6961D82A19151B7300A141D5 /* QSImageDownloader.h */,
				6961D82B19151B7300A141D5 /* QSImageDownloader.m */,
			);
			path = Network;
			sourceTree = "<group>";
		};
		E326D45F18D3632E00CBA869 /* Utilities */ = {
			isa = PBXGroup;
			children = (
				E326D46018D3632E00CBA869 /* QSUtil.h */,
				E326D46118D3632E00CBA869 /* QSUtil.m */,
				E3AD314C18D603BD0023C497 /* QSDataStore.h */,
				E3AD314D18D603BD0023C497 /* QSDataStore.m */,
				E3F9DF8C18DF301F00FDD8D9 /* QSUserSessionConstants.h */,
				E3F9DF8D18DF39F400FDD8D9 /* QSUserSession.h */,
				E3F9DF8E18DF39F400FDD8D9 /* QSUserSession.m */,
			);
			path = Utilities;
			sourceTree = "<group>";
		};
		E326D46218D3632E00CBA869 /* ViewControllers */ = {
			isa = PBXGroup;
			children = (
				6961D8361916AA9700A141D5 /* Buy */,
				6961D8181912ACD700A141D5 /* Post */,
				E335A4B419100AF80057DF60 /* LIsting */,
				E335A4BA19100AF80057DF60 /* Other */,
				E335A4EA19100AF80057DF60 /* User */,
			);
			path = ViewControllers;
			sourceTree = "<group>";
		};
		E335A4B419100AF80057DF60 /* LIsting */ = {
			isa = PBXGroup;
			children = (
				E335A4B519100AF80057DF60 /* QSListingsViewController.h */,
				E335A4B619100AF80057DF60 /* QSListingsViewController.m */,
				E335A4B719100AF80057DF60 /* QSListingsViewController.xib */,
				E335A52219100E050057DF60 /* QSListingTableViewCell.h */,
				E335A52319100E050057DF60 /* QSListingTableViewCell.m */,
				6961D82D191535EE00A141D5 /* View.xib */,
			);
			path = LIsting;
			sourceTree = "<group>";
		};
		E335A4BA19100AF80057DF60 /* Other */ = {
			isa = PBXGroup;
			children = (
			);
			path = Other;
			sourceTree = "<group>";
		};
		E335A4EA19100AF80057DF60 /* User */ = {
			isa = PBXGroup;
			children = (
				E335A4F519100AF80057DF60 /* QSRootViewController.h */,
				E335A4F619100AF80057DF60 /* QSRootViewController.m */,
				E335A4F719100AF80057DF60 /* QSRootViewController.xib */,
				E335A4EB19100AF80057DF60 /* QSLoginController.h */,
				E335A4EC19100AF80057DF60 /* QSLoginController.m */,
				E335A4ED19100AF80057DF60 /* QSLoginViewController.h */,
				E335A4EE19100AF80057DF60 /* QSLoginViewController.m */,
				E335A4EF19100AF80057DF60 /* QSLoginViewController.xib */,
				E335A4F019100AF80057DF60 /* QSRegisterViewController.h */,
				E335A4F119100AF80057DF60 /* QSRegisterViewController.m */,
				E335A4F219100AF80057DF60 /* QSRegisterViewController.xib */,
				E335A4F319100AF80057DF60 /* QSRegistrationTableViewCell.h */,
				E335A4F419100AF80057DF60 /* QSRegistrationTableViewCell.m */,
				6961D822191509FB00A141D5 /* SWRevealViewController.h */,
				6961D823191509FB00A141D5 /* SWRevealViewController.m */,
				6961D82519150A6A00A141D5 /* QSMenuViewController.h */,
				6961D82619150A6A00A141D5 /* QSMenuViewController.m */,
				6961D82719150A6A00A141D5 /* QSMenuViewController.xib */,
			);
			path = User;
			sourceTree = "<group>";
		};
		E335A5251910139D0057DF60 /* iCarousel */ = {
			isa = PBXGroup;
			children = (
				E335A802191013A00057DF60 /* iCarousel */,
			);
			path = iCarousel;
			sourceTree = SOURCE_ROOT;
		};
		E335A802191013A00057DF60 /* iCarousel */ = {
			isa = PBXGroup;
			children = (
				E335A803191013A00057DF60 /* iCarousel.h */,
				E335A804191013A00057DF60 /* iCarousel.m */,
			);
			path = iCarousel;
			sourceTree = "<group>";
		};
/* End PBXGroup section */

/* Begin PBXNativeTarget section */
		C9BB144A14BA724F009D3499 /* Cubesales */ = {
			isa = PBXNativeTarget;
			buildConfigurationList = C9BB147714BA724F009D3499 /* Build configuration list for PBXNativeTarget "Cubesales" */;
			buildPhases = (
				C9BB144714BA724F009D3499 /* Sources */,
				C9BB144814BA724F009D3499 /* Frameworks */,
				C9BB144914BA724F009D3499 /* Resources */,
			);
			buildRules = (
			);
			dependencies = (
			);
			name = Cubesales;
			productName = CubeSale;
			productReference = C9BB144B14BA724F009D3499 /* Cubesales.app */;
			productType = "com.apple.product-type.application";
		};
/* End PBXNativeTarget section */

/* Begin PBXProject section */
		C9BB144214BA724F009D3499 /* Project object */ = {
			isa = PBXProject;
			attributes = {
				LastUpgradeCheck = 0510;
				ORGANIZATIONNAME = None;
				TargetAttributes = {
					C9BB144A14BA724F009D3499 = {
						DevelopmentTeam = DG67P9QZMR;
					};
				};
			};
			buildConfigurationList = C9BB144514BA724F009D3499 /* Build configuration list for PBXProject "CubeSale" */;
			compatibilityVersion = "Xcode 3.2";
			developmentRegion = English;
			hasScannedForEncodings = 0;
			knownRegions = (
				en,
			);
			mainGroup = C9BB144014BA724F009D3499;
			productRefGroup = C9BB144C14BA724F009D3499 /* Products */;
			projectDirPath = "";
			projectRoot = "";
			targets = (
				C9BB144A14BA724F009D3499 /* Cubesales */,
			);
		};
/* End PBXProject section */

/* Begin PBXResourcesBuildPhase section */
		C9BB144914BA724F009D3499 /* Resources */ = {
			isa = PBXResourcesBuildPhase;
			buildActionMask = 2147483647;
			files = (
				6961D8351916618600A141D5 /* QSImagePickerController.xib in Resources */,
				C9BB145A14BA724F009D3499 /* InfoPlist.strings in Resources */,
				E300404B190ECC58007BAC0E /* Media.xcassets in Resources */,
				E335A51C19100AF80057DF60 /* QSLoginViewController.xib in Resources */,
				E335A4F919100AF80057DF60 /* QSListingsViewController.xib in Resources */,
				6961D83D1916AA9700A141D5 /* QSProductViewController.xib in Resources */,
				6961D83B1916AA9700A141D5 /* QSProductCommentCell.xib in Resources */,
				6961D81D1912ACD700A141D5 /* QSPostViewController.xib in Resources */,
				C9477C111585443600431FC8 /* Country.plist in Resources */,
				6961D82E191535EE00A141D5 /* View.xib in Resources */,
				6961D82919150A6A00A141D5 /* QSMenuViewController.xib in Resources */,
				E335A52119100AF80057DF60 /* QSRootViewController.xib in Resources */,
				E335A51E19100AF80057DF60 /* QSRegisterViewController.xib in Resources */,
			);
			runOnlyForDeploymentPostprocessing = 0;
		};
/* End PBXResourcesBuildPhase section */

/* Begin PBXSourcesBuildPhase section */
		C9BB144714BA724F009D3499 /* Sources */ = {
			isa = PBXSourcesBuildPhase;
			buildActionMask = 2147483647;
			files = (
				C9BB145C14BA724F009D3499 /* main.m in Sources */,
				E3F9DF8F18DF39F400FDD8D9 /* QSUserSession.m in Sources */,
				E335A52419100E050057DF60 /* QSListingTableViewCell.m in Sources */,
				E335A51A19100AF80057DF60 /* QSLoginController.m in Sources */,
				6961D8211914FF3F00A141D5 /* QSProgressView.m in Sources */,
				6961D824191509FB00A141D5 /* SWRevealViewController.m in Sources */,
				E335A52019100AF80057DF60 /* QSRootViewController.m in Sources */,
				E335A9A2191013A10057DF60 /* iCarousel.m in Sources */,
				E326D4A118D3632E00CBA869 /* QSHttpClient.m in Sources */,
				6961D8341916618600A141D5 /* QSImagePickerController.m in Sources */,
				E326D4A018D3632E00CBA869 /* QSAppDelegate.m in Sources */,
				E335A51B19100AF80057DF60 /* QSLoginViewController.m in Sources */,
				E326D4A218D3632E00CBA869 /* QSUtil.m in Sources */,
				6961D82C19151B7300A141D5 /* QSImageDownloader.m in Sources */,
				6961D81C1912ACD700A141D5 /* QSPostViewController.m in Sources */,
				E3AD314E18D603BD0023C497 /* QSDataStore.m in Sources */,
				6961D82819150A6A00A141D5 /* QSMenuViewController.m in Sources */,
				6961D83C1916AA9700A141D5 /* QSProductViewController.m in Sources */,
				E335A51D19100AF80057DF60 /* QSRegisterViewController.m in Sources */,
				E335A4F819100AF80057DF60 /* QSListingsViewController.m in Sources */,
				E335A51F19100AF80057DF60 /* QSRegistrationTableViewCell.m in Sources */,
			);
			runOnlyForDeploymentPostprocessing = 0;
		};
/* End PBXSourcesBuildPhase section */

/* Begin PBXVariantGroup section */
		C9BB145814BA724F009D3499 /* InfoPlist.strings */ = {
			isa = PBXVariantGroup;
			children = (
				C9BB145914BA724F009D3499 /* en */,
			);
			name = InfoPlist.strings;
			sourceTree = "<group>";
		};
/* End PBXVariantGroup section */

/* Begin XCBuildConfiguration section */
		C9BB147514BA724F009D3499 /* Debug */ = {
			isa = XCBuildConfiguration;
			buildSettings = {
				ALWAYS_SEARCH_USER_PATHS = NO;
				CLANG_ENABLE_OBJC_ARC = YES;
				CLANG_WARN_BOOL_CONVERSION = YES;
				CLANG_WARN_CONSTANT_CONVERSION = YES;
				CLANG_WARN_EMPTY_BODY = YES;
				CLANG_WARN_ENUM_CONVERSION = YES;
				CLANG_WARN_INT_CONVERSION = YES;
				CLANG_WARN__DUPLICATE_METHOD_MATCH = YES;
				"CODE_SIGN_IDENTITY[sdk=iphoneos*]" = "iPhone Developer";
				COPY_PHASE_STRIP = NO;
				GCC_C_LANGUAGE_STANDARD = gnu99;
				GCC_DYNAMIC_NO_PIC = NO;
				GCC_OPTIMIZATION_LEVEL = 0;
				GCC_PREPROCESSOR_DEFINITIONS = (
					"DEBUG=1",
					"$(inherited)",
				);
				GCC_SYMBOLS_PRIVATE_EXTERN = NO;
				GCC_VERSION = com.apple.compilers.llvm.clang.1_0;
				GCC_WARN_64_TO_32_BIT_CONVERSION = YES;
				GCC_WARN_ABOUT_MISSING_PROTOTYPES = YES;
				GCC_WARN_ABOUT_RETURN_TYPE = YES;
				GCC_WARN_UNDECLARED_SELECTOR = YES;
				GCC_WARN_UNINITIALIZED_AUTOS = YES;
				GCC_WARN_UNUSED_FUNCTION = YES;
				GCC_WARN_UNUSED_VARIABLE = YES;
				IPHONEOS_DEPLOYMENT_TARGET = 7.0;
				ONLY_ACTIVE_ARCH = YES;
				SDKROOT = iphoneos;
			};
			name = Debug;
		};
		C9BB147614BA724F009D3499 /* Release */ = {
			isa = XCBuildConfiguration;
			buildSettings = {
				ALWAYS_SEARCH_USER_PATHS = NO;
				CLANG_ENABLE_OBJC_ARC = YES;
				CLANG_WARN_BOOL_CONVERSION = YES;
				CLANG_WARN_CONSTANT_CONVERSION = YES;
				CLANG_WARN_EMPTY_BODY = YES;
				CLANG_WARN_ENUM_CONVERSION = YES;
				CLANG_WARN_INT_CONVERSION = YES;
				CLANG_WARN__DUPLICATE_METHOD_MATCH = YES;
				"CODE_SIGN_IDENTITY[sdk=iphoneos*]" = "iPhone Developer";
				COPY_PHASE_STRIP = YES;
				GCC_C_LANGUAGE_STANDARD = gnu99;
				GCC_VERSION = com.apple.compilers.llvm.clang.1_0;
				GCC_WARN_64_TO_32_BIT_CONVERSION = YES;
				GCC_WARN_ABOUT_MISSING_PROTOTYPES = YES;
				GCC_WARN_ABOUT_RETURN_TYPE = YES;
				GCC_WARN_UNDECLARED_SELECTOR = YES;
				GCC_WARN_UNINITIALIZED_AUTOS = YES;
				GCC_WARN_UNUSED_FUNCTION = YES;
				GCC_WARN_UNUSED_VARIABLE = YES;
				IPHONEOS_DEPLOYMENT_TARGET = 7.0;
				OTHER_CFLAGS = "-DNS_BLOCK_ASSERTIONS=1";
				SDKROOT = iphoneos;
				VALIDATE_PRODUCT = YES;
			};
			name = Release;
		};
		C9BB147814BA724F009D3499 /* Debug */ = {
			isa = XCBuildConfiguration;
			buildSettings = {
				ALWAYS_SEARCH_USER_PATHS = NO;
				ASSETCATALOG_COMPILER_APPICON_NAME = AppIcon;
				ASSETCATALOG_COMPILER_LAUNCHIMAGE_NAME = LaunchImage;
				CLANG_ENABLE_OBJC_ARC = YES;
				CODE_SIGN_IDENTITY = "iPhone Developer: Sdk Qa (3QBLPUGXX8)";
				"CODE_SIGN_IDENTITY[sdk=iphoneos*]" = "iPhone Developer: Sdk Qa (3QBLPUGXX8)";
				FRAMEWORK_SEARCH_PATHS = "/Users/ankitjain/Documents/FacebookSDK/**";
				GCC_PRECOMPILE_PREFIX_HEADER = YES;
				GCC_PREFIX_HEADER = "CubeSale/CubeSale-Prefix.pch";
				HEADER_SEARCH_PATHS = "${SRCROOT}/**";
				INFOPLIST_FILE = "CubeSale/CubeSale-Info.plist";
				IPHONEOS_DEPLOYMENT_TARGET = 7.0;
				LIBRARY_SEARCH_PATHS = (
					"$(inherited)",
					"$(SRCROOT)/OAuthKit/**",
				);
				OTHER_LDFLAGS = "-ObjC";
				PRODUCT_NAME = "$(TARGET_NAME)";
				PROVISIONING_PROFILE = "85FFE8CA-0218-4A1A-B639-048EB114DFB5";
				TARGETED_DEVICE_FAMILY = 1;
				USER_HEADER_SEARCH_PATHS = "";
				WRAPPER_EXTENSION = app;
			};
			name = Debug;
		};
		C9BB147914BA724F009D3499 /* Release */ = {
			isa = XCBuildConfiguration;
			buildSettings = {
				ALWAYS_SEARCH_USER_PATHS = NO;
				ASSETCATALOG_COMPILER_APPICON_NAME = AppIcon;
				ASSETCATALOG_COMPILER_LAUNCHIMAGE_NAME = LaunchImage;
				CLANG_ENABLE_OBJC_ARC = YES;
				CODE_SIGN_IDENTITY = "iPhone Developer: Sdk Qa (3QBLPUGXX8)";
				"CODE_SIGN_IDENTITY[sdk=iphoneos*]" = "iPhone Developer: Sdk Qa (3QBLPUGXX8)";
				FRAMEWORK_SEARCH_PATHS = "/Users/ankitjain/Documents/FacebookSDK/**";
				GCC_PRECOMPILE_PREFIX_HEADER = YES;
				GCC_PREFIX_HEADER = "CubeSale/CubeSale-Prefix.pch";
				HEADER_SEARCH_PATHS = "${SRCROOT}/**";
				INFOPLIST_FILE = "CubeSale/CubeSale-Info.plist";
				IPHONEOS_DEPLOYMENT_TARGET = 7.0;
				LIBRARY_SEARCH_PATHS = (
					"$(inherited)",
					"$(SRCROOT)/OAuthKit/**",
				);
				OTHER_LDFLAGS = "-ObjC";
				PRODUCT_NAME = "$(TARGET_NAME)";
				PROVISIONING_PROFILE = "85FFE8CA-0218-4A1A-B639-048EB114DFB5";
				"PROVISIONING_PROFILE[sdk=iphoneos*]" = "85FFE8CA-0218-4A1A-B639-048EB114DFB5";
				TARGETED_DEVICE_FAMILY = 1;
				USER_HEADER_SEARCH_PATHS = "";
				WRAPPER_EXTENSION = app;
			};
			name = Release;
		};
/* End XCBuildConfiguration section */

/* Begin XCConfigurationList section */
		C9BB144514BA724F009D3499 /* Build configuration list for PBXProject "CubeSale" */ = {
			isa = XCConfigurationList;
			buildConfigurations = (
				C9BB147514BA724F009D3499 /* Debug */,
				C9BB147614BA724F009D3499 /* Release */,
			);
			defaultConfigurationIsVisible = 0;
			defaultConfigurationName = Release;
		};
		C9BB147714BA724F009D3499 /* Build configuration list for PBXNativeTarget "Cubesales" */ = {
			isa = XCConfigurationList;
			buildConfigurations = (
				C9BB147814BA724F009D3499 /* Debug */,
				C9BB147914BA724F009D3499 /* Release */,
			);
			defaultConfigurationIsVisible = 0;
			defaultConfigurationName = Release;
		};
/* End XCConfigurationList section */
	};
	rootObject = C9BB144214BA724F009D3499 /* Project object */;
}
